
Microsoft Visual Studio Solution File, Format Version 12.00
# Visual Studio Version 16
VisualStudioVersion = 16.0.31402.337
MinimumVisualStudioVersion = 10.0.40219.1
Project("{FAE04EC0-301F-11D3-BF4B-00C04F79EFBC}") = "Quanlysach", "Quanlysach.csproj", "{ED7F8FE0-179E-4145-A512-83BB07F01F65}"
EndProject
Global
	GlobalSection(SolutionConfigurationPlatforms) = preSolution
		Debug|Any CPU = Debug|Any CPU
		Release|Any CPU = Release|Any CPU
	EndGlobalSection
	GlobalSection(ProjectConfigurationPlatforms) = postSolution
		{ED7F8FE0-179E-4145-A512-83BB07F01F65}.Debug|Any CPU.ActiveCfg = Debug|Any CPU
		{ED7F8FE0-179E-4145-A512-83BB07F01F65}.Debug|Any CPU.Build.0 = Debug|Any CPU
		{ED7F8FE0-179E-4145-A512-83BB07F01F65}.Release|Any CPU.ActiveCfg = Release|Any CPU
		{ED7F8FE0-179E-4145-A512-83BB07F01F65}.Release|Any CPU.Build.0 = Release|Any CPU
	EndGlobalSection
	GlobalSection(SolutionProperties) = preSolution
		HideSolutionNode = FALSE
	EndGlobalSection
	GlobalSection(ExtensibilityGlobals) = postSolution
		SolutionGuid = {EEF2EBBB-1E7D-4B97-A78F-630D340CCDD1}
	EndGlobalSection
EndGlobal
